
Microsoft Visual Studio Solution File, Format Version 12.00
# Visual Studio Version 16
VisualStudioVersion = 16.0.31729.503
MinimumVisualStudioVersion = 10.0.40219.1
Project("{9A19103F-16F7-4668-BE54-9A1E7A4F7556}") = "DrivingModule", "DrivingModule\DrivingModule.csproj", "{901AC139-DB46-463E-8449-7B01154C9E3C}"
EndProject
Project("{FAE04EC0-301F-11D3-BF4B-00C04F79EFBC}") = "BulletHMI", "BulletHMI\BulletHMI.csproj", "{FFBDF34B-8B21-47D0-8694-B75EE3D016AD}"
EndProject
Global
	GlobalSection(SolutionConfigurationPlatforms) = preSolution
		Debug|Any CPU = Debug|Any CPU
		Release|Any CPU = Release|Any CPU
	EndGlobalSection
	GlobalSection(ProjectConfigurationPlatforms) = postSolution
		{901AC139-DB46-463E-8449-7B01154C9E3C}.Debug|Any CPU.ActiveCfg = Debug|Any CPU
		{901AC139-DB46-463E-8449-7B01154C9E3C}.Debug|Any CPU.Build.0 = Debug|Any CPU
		{901AC139-DB46-463E-8449-7B01154C9E3C}.Release|Any CPU.ActiveCfg = Release|Any CPU
		{901AC139-DB46-463E-8449-7B01154C9E3C}.Release|Any CPU.Build.0 = Release|Any CPU
		{FFBDF34B-8B21-47D0-8694-B75EE3D016AD}.Debug|Any CPU.ActiveCfg = Debug|Any CPU
		{FFBDF34B-8B21-47D0-8694-B75EE3D016AD}.Debug|Any CPU.Build.0 = Debug|Any CPU
		{FFBDF34B-8B21-47D0-8694-B75EE3D016AD}.Release|Any CPU.ActiveCfg = Release|Any CPU
		{FFBDF34B-8B21-47D0-8694-B75EE3D016AD}.Release|Any CPU.Build.0 = Release|Any CPU
	EndGlobalSection
	GlobalSection(SolutionProperties) = preSolution
		HideSolutionNode = FALSE
	EndGlobalSection
	GlobalSection(ExtensibilityGlobals) = postSolution
		SolutionGuid = {4A3A367D-1D06-46B8-B0B1-EFA6EC7D07AB}
	EndGlobalSection
EndGlobal
