
Microsoft Visual Studio Solution File, Format Version 12.00
# Visual Studio Version 16
VisualStudioVersion = 16.0.31729.503
MinimumVisualStudioVersion = 10.0.40219.1
Project("{FAE04EC0-301F-11D3-BF4B-00C04F79EFBC}") = "BulletTrainGUI", "BulletTrainGUI\BulletTrainGUI\BulletTrainGUI.csproj", "{184AF524-044E-48EA-A42C-CA1FC921BD7F}"
EndProject
Project("{9A19103F-16F7-4668-BE54-9A1E7A4F7556}") = "BulletTrainHMI", "BulletTrainHMI\BulletTrainHMI.csproj", "{22390157-FFD7-4AA1-A494-68447827BA4B}"
EndProject
Global
	GlobalSection(SolutionConfigurationPlatforms) = preSolution
		Debug|Any CPU = Debug|Any CPU
		Release|Any CPU = Release|Any CPU
	EndGlobalSection
	GlobalSection(ProjectConfigurationPlatforms) = postSolution
		{184AF524-044E-48EA-A42C-CA1FC921BD7F}.Debug|Any CPU.ActiveCfg = Debug|Any CPU
		{184AF524-044E-48EA-A42C-CA1FC921BD7F}.Debug|Any CPU.Build.0 = Debug|Any CPU
		{184AF524-044E-48EA-A42C-CA1FC921BD7F}.Release|Any CPU.ActiveCfg = Release|Any CPU
		{184AF524-044E-48EA-A42C-CA1FC921BD7F}.Release|Any CPU.Build.0 = Release|Any CPU
		{22390157-FFD7-4AA1-A494-68447827BA4B}.Debug|Any CPU.ActiveCfg = Debug|Any CPU
		{22390157-FFD7-4AA1-A494-68447827BA4B}.Debug|Any CPU.Build.0 = Debug|Any CPU
		{22390157-FFD7-4AA1-A494-68447827BA4B}.Release|Any CPU.ActiveCfg = Release|Any CPU
		{22390157-FFD7-4AA1-A494-68447827BA4B}.Release|Any CPU.Build.0 = Release|Any CPU
	EndGlobalSection
	GlobalSection(SolutionProperties) = preSolution
		HideSolutionNode = FALSE
	EndGlobalSection
	GlobalSection(ExtensibilityGlobals) = postSolution
		SolutionGuid = {4A3A367D-1D06-46B8-B0B1-EFA6EC7D07AB}
	EndGlobalSection
EndGlobal
